// !$*UTF8*$!
{
	archiveVersion = 1;
	classes = {
	};
	objectVersion = 60;
	objects = {

/* Begin PBXBuildFile section */
		881233E32C30EE06007B216E /* Pod Display.swift in Sources */ = {isa = PBXBuildFile; fileRef = 881233E22C30EE06007B216E /* Pod Display.swift */; };
		883D55D32C3133C40053F46F /* ButtonEventModel.swift in Sources */ = {isa = PBXBuildFile; fileRef = 883D55D22C3133C40053F46F /* ButtonEventModel.swift */; };
		88BDE8672C2FC143006B2A65 /* PlayPodApp.swift in Sources */ = {isa = PBXBuildFile; fileRef = 88BDE8662C2FC143006B2A65 /* PlayPodApp.swift */; };
		88BDE8692C2FC143006B2A65 /* ContentView.swift in Sources */ = {isa = PBXBuildFile; fileRef = 88BDE8682C2FC143006B2A65 /* ContentView.swift */; };
		88BDE86B2C2FC143006B2A65 /* Wheel.swift in Sources */ = {isa = PBXBuildFile; fileRef = 88BDE86A2C2FC143006B2A65 /* Wheel.swift */; };
		88BDE86D2C2FC144006B2A65 /* Assets.xcassets in Resources */ = {isa = PBXBuildFile; fileRef = 88BDE86C2C2FC144006B2A65 /* Assets.xcassets */; };
		88BDE8702C2FC144006B2A65 /* Preview Assets.xcassets in Resources */ = {isa = PBXBuildFile; fileRef = 88BDE86F2C2FC144006B2A65 /* Preview Assets.xcassets */; };
		88BDE87A2C2FC144006B2A65 /* PlayPodTests.swift in Sources */ = {isa = PBXBuildFile; fileRef = 88BDE8792C2FC144006B2A65 /* PlayPodTests.swift */; };
		88BDE8842C2FC144006B2A65 /* PlayPodUITests.swift in Sources */ = {isa = PBXBuildFile; fileRef = 88BDE8832C2FC144006B2A65 /* PlayPodUITests.swift */; };
		88BDE8862C2FC144006B2A65 /* PlayPodUITestsLaunchTests.swift in Sources */ = {isa = PBXBuildFile; fileRef = 88BDE8852C2FC144006B2A65 /* PlayPodUITestsLaunchTests.swift */; };
/* End PBXBuildFile section */

/* Begin PBXContainerItemProxy section */
		88BDE8762C2FC144006B2A65 /* PBXContainerItemProxy */ = {
			isa = PBXContainerItemProxy;
			containerPortal = 88BDE85B2C2FC143006B2A65 /* Project object */;
			proxyType = 1;
			remoteGlobalIDString = 88BDE8622C2FC143006B2A65;
			remoteInfo = PlayPod;
		};
		88BDE8802C2FC144006B2A65 /* PBXContainerItemProxy */ = {
			isa = PBXContainerItemProxy;
			containerPortal = 88BDE85B2C2FC143006B2A65 /* Project object */;
			proxyType = 1;
			remoteGlobalIDString = 88BDE8622C2FC143006B2A65;
			remoteInfo = PlayPod;
		};
/* End PBXContainerItemProxy section */

/* Begin PBXFileReference section */
		881233E22C30EE06007B216E /* Pod Display.swift */ = {isa = PBXFileReference; lastKnownFileType = sourcecode.swift; path = "Pod Display.swift"; sourceTree = "<group>"; };
		883D55D22C3133C40053F46F /* ButtonEventModel.swift */ = {isa = PBXFileReference; lastKnownFileType = sourcecode.swift; path = ButtonEventModel.swift; sourceTree = "<group>"; };
		88BDE8632C2FC143006B2A65 /* PlayPod.app */ = {isa = PBXFileReference; explicitFileType = wrapper.application; includeInIndex = 0; path = PlayPod.app; sourceTree = BUILT_PRODUCTS_DIR; };
		88BDE8662C2FC143006B2A65 /* PlayPodApp.swift */ = {isa = PBXFileReference; lastKnownFileType = sourcecode.swift; path = PlayPodApp.swift; sourceTree = "<group>"; };
		88BDE8682C2FC143006B2A65 /* ContentView.swift */ = {isa = PBXFileReference; lastKnownFileType = sourcecode.swift; path = ContentView.swift; sourceTree = "<group>"; };
		88BDE86A2C2FC143006B2A65 /* Wheel.swift */ = {isa = PBXFileReference; lastKnownFileType = sourcecode.swift; path = Wheel.swift; sourceTree = "<group>"; };
		88BDE86C2C2FC144006B2A65 /* Assets.xcassets */ = {isa = PBXFileReference; lastKnownFileType = folder.assetcatalog; path = Assets.xcassets; sourceTree = "<group>"; };
		88BDE86F2C2FC144006B2A65 /* Preview Assets.xcassets */ = {isa = PBXFileReference; lastKnownFileType = folder.assetcatalog; path = "Preview Assets.xcassets"; sourceTree = "<group>"; };
		88BDE8752C2FC144006B2A65 /* PlayPodTests.xctest */ = {isa = PBXFileReference; explicitFileType = wrapper.cfbundle; includeInIndex = 0; path = PlayPodTests.xctest; sourceTree = BUILT_PRODUCTS_DIR; };
		88BDE8792C2FC144006B2A65 /* PlayPodTests.swift */ = {isa = PBXFileReference; lastKnownFileType = sourcecode.swift; path = PlayPodTests.swift; sourceTree = "<group>"; };
		88BDE87F2C2FC144006B2A65 /* PlayPodUITests.xctest */ = {isa = PBXFileReference; explicitFileType = wrapper.cfbundle; includeInIndex = 0; path = PlayPodUITests.xctest; sourceTree = BUILT_PRODUCTS_DIR; };
		88BDE8832C2FC144006B2A65 /* PlayPodUITests.swift */ = {isa = PBXFileReference; lastKnownFileType = sourcecode.swift; path = PlayPodUITests.swift; sourceTree = "<group>"; };
		88BDE8852C2FC144006B2A65 /* PlayPodUITestsLaunchTests.swift */ = {isa = PBXFileReference; lastKnownFileType = sourcecode.swift; path = PlayPodUITestsLaunchTests.swift; sourceTree = "<group>"; };
/* End PBXFileReference section */

/* Begin PBXFrameworksBuildPhase section */
		88BDE8602C2FC143006B2A65 /* Frameworks */ = {
			isa = PBXFrameworksBuildPhase;
			buildActionMask = 2147483647;
			files = (
			);
			runOnlyForDeploymentPostprocessing = 0;
		};
		88BDE8722C2FC144006B2A65 /* Frameworks */ = {
			isa = PBXFrameworksBuildPhase;
			buildActionMask = 2147483647;
			files = (
			);
			runOnlyForDeploymentPostprocessing = 0;
		};
		88BDE87C2C2FC144006B2A65 /* Frameworks */ = {
			isa = PBXFrameworksBuildPhase;
			buildActionMask = 2147483647;
			files = (
			);
			runOnlyForDeploymentPostprocessing = 0;
		};
/* End PBXFrameworksBuildPhase section */

/* Begin PBXGroup section */
		88BDE85A2C2FC143006B2A65 = {
			isa = PBXGroup;
			children = (
				88BDE8652C2FC143006B2A65 /* PlayPod */,
				88BDE8782C2FC144006B2A65 /* PlayPodTests */,
				88BDE8822C2FC144006B2A65 /* PlayPodUITests */,
				88BDE8642C2FC143006B2A65 /* Products */,
			);
			sourceTree = "<group>";
		};
		88BDE8642C2FC143006B2A65 /* Products */ = {
			isa = PBXGroup;
			children = (
				88BDE8632C2FC143006B2A65 /* PlayPod.app */,
				88BDE8752C2FC144006B2A65 /* PlayPodTests.xctest */,
				88BDE87F2C2FC144006B2A65 /* PlayPodUITests.xctest */,
			);
			name = Products;
			sourceTree = "<group>";
		};
		88BDE8652C2FC143006B2A65 /* PlayPod */ = {
			isa = PBXGroup;
			children = (
				88BDE8662C2FC143006B2A65 /* PlayPodApp.swift */,
				88BDE8682C2FC143006B2A65 /* ContentView.swift */,
				881233E22C30EE06007B216E /* Pod Display.swift */,
				88BDE86A2C2FC143006B2A65 /* Wheel.swift */,
				883D55D22C3133C40053F46F /* ButtonEventModel.swift */,
				88BDE86C2C2FC144006B2A65 /* Assets.xcassets */,
				88BDE86E2C2FC144006B2A65 /* Preview Content */,
			);
			path = PlayPod;
			sourceTree = "<group>";
		};
		88BDE86E2C2FC144006B2A65 /* Preview Content */ = {
			isa = PBXGroup;
			children = (
				88BDE86F2C2FC144006B2A65 /* Preview Assets.xcassets */,
			);
			path = "Preview Content";
			sourceTree = "<group>";
		};
		88BDE8782C2FC144006B2A65 /* PlayPodTests */ = {
			isa = PBXGroup;
			children = (
				88BDE8792C2FC144006B2A65 /* PlayPodTests.swift */,
			);
			path = PlayPodTests;
			sourceTree = "<group>";
		};
		88BDE8822C2FC144006B2A65 /* PlayPodUITests */ = {
			isa = PBXGroup;
			children = (
				88BDE8832C2FC144006B2A65 /* PlayPodUITests.swift */,
				88BDE8852C2FC144006B2A65 /* PlayPodUITestsLaunchTests.swift */,
			);
			path = PlayPodUITests;
			sourceTree = "<group>";
		};
/* End PBXGroup section */

/* Begin PBXNativeTarget section */
		88BDE8622C2FC143006B2A65 /* PlayPod */ = {
			isa = PBXNativeTarget;
			buildConfigurationList = 88BDE8892C2FC144006B2A65 /* Build configuration list for PBXNativeTarget "PlayPod" */;
			buildPhases = (
				88BDE85F2C2FC143006B2A65 /* Sources */,
				88BDE8602C2FC143006B2A65 /* Frameworks */,
				88BDE8612C2FC143006B2A65 /* Resources */,
			);
			buildRules = (
			);
			dependencies = (
			);
			name = PlayPod;
			productName = PlayPod;
			productReference = 88BDE8632C2FC143006B2A65 /* PlayPod.app */;
			productType = "com.apple.product-type.application";
		};
		88BDE8742C2FC144006B2A65 /* PlayPodTests */ = {
			isa = PBXNativeTarget;
			buildConfigurationList = 88BDE88C2C2FC144006B2A65 /* Build configuration list for PBXNativeTarget "PlayPodTests" */;
			buildPhases = (
				88BDE8712C2FC144006B2A65 /* Sources */,
				88BDE8722C2FC144006B2A65 /* Frameworks */,
				88BDE8732C2FC144006B2A65 /* Resources */,
			);
			buildRules = (
			);
			dependencies = (
				88BDE8772C2FC144006B2A65 /* PBXTargetDependency */,
			);
			name = PlayPodTests;
			productName = PlayPodTests;
			productReference = 88BDE8752C2FC144006B2A65 /* PlayPodTests.xctest */;
			productType = "com.apple.product-type.bundle.unit-test";
		};
		88BDE87E2C2FC144006B2A65 /* PlayPodUITests */ = {
			isa = PBXNativeTarget;
			buildConfigurationList = 88BDE88F2C2FC144006B2A65 /* Build configuration list for PBXNativeTarget "PlayPodUITests" */;
			buildPhases = (
				88BDE87B2C2FC144006B2A65 /* Sources */,
				88BDE87C2C2FC144006B2A65 /* Frameworks */,
				88BDE87D2C2FC144006B2A65 /* Resources */,
			);
			buildRules = (
			);
			dependencies = (
				88BDE8812C2FC144006B2A65 /* PBXTargetDependency */,
			);
			name = PlayPodUITests;
			productName = PlayPodUITests;
			productReference = 88BDE87F2C2FC144006B2A65 /* PlayPodUITests.xctest */;
			productType = "com.apple.product-type.bundle.ui-testing";
		};
/* End PBXNativeTarget section */

/* Begin PBXProject section */
		88BDE85B2C2FC143006B2A65 /* Project object */ = {
			isa = PBXProject;
			attributes = {
				BuildIndependentTargetsInParallel = 1;
				LastSwiftUpdateCheck = 1600;
				LastUpgradeCheck = 1600;
				TargetAttributes = {
					88BDE8622C2FC143006B2A65 = {
						CreatedOnToolsVersion = 16.0;
					};
					88BDE8742C2FC144006B2A65 = {
						CreatedOnToolsVersion = 16.0;
						TestTargetID = 88BDE8622C2FC143006B2A65;
					};
					88BDE87E2C2FC144006B2A65 = {
						CreatedOnToolsVersion = 16.0;
						TestTargetID = 88BDE8622C2FC143006B2A65;
					};
				};
			};
			buildConfigurationList = 88BDE85E2C2FC143006B2A65 /* Build configuration list for PBXProject "PlayPod" */;
			compatibilityVersion = "Xcode 15.0";
			developmentRegion = en;
			hasScannedForEncodings = 0;
			knownRegions = (
				en,
				Base,
			);
			mainGroup = 88BDE85A2C2FC143006B2A65;
			productRefGroup = 88BDE8642C2FC143006B2A65 /* Products */;
			projectDirPath = "";
			projectRoot = "";
			targets = (
				88BDE8622C2FC143006B2A65 /* PlayPod */,
				88BDE8742C2FC144006B2A65 /* PlayPodTests */,
				88BDE87E2C2FC144006B2A65 /* PlayPodUITests */,
			);
		};
/* End PBXProject section */

/* Begin PBXResourcesBuildPhase section */
		88BDE8612C2FC143006B2A65 /* Resources */ = {
			isa = PBXResourcesBuildPhase;
			buildActionMask = 2147483647;
			files = (
				88BDE8702C2FC144006B2A65 /* Preview Assets.xcassets in Resources */,
				88BDE86D2C2FC144006B2A65 /* Assets.xcassets in Resources */,
			);
			runOnlyForDeploymentPostprocessing = 0;
		};
		88BDE8732C2FC144006B2A65 /* Resources */ = {
			isa = PBXResourcesBuildPhase;
			buildActionMask = 2147483647;
			files = (
			);
			runOnlyForDeploymentPostprocessing = 0;
		};
		88BDE87D2C2FC144006B2A65 /* Resources */ = {
			isa = PBXResourcesBuildPhase;
			buildActionMask = 2147483647;
			files = (
			);
			runOnlyForDeploymentPostprocessing = 0;
		};
/* End PBXResourcesBuildPhase section */

/* Begin PBXSourcesBuildPhase section */
		88BDE85F2C2FC143006B2A65 /* Sources */ = {
			isa = PBXSourcesBuildPhase;
			buildActionMask = 2147483647;
			files = (
				88BDE8692C2FC143006B2A65 /* ContentView.swift in Sources */,
				881233E32C30EE06007B216E /* Pod Display.swift in Sources */,
				88BDE86B2C2FC143006B2A65 /* Wheel.swift in Sources */,
				883D55D32C3133C40053F46F /* ButtonEventModel.swift in Sources */,
				88BDE8672C2FC143006B2A65 /* PlayPodApp.swift in Sources */,
			);
			runOnlyForDeploymentPostprocessing = 0;
		};
		88BDE8712C2FC144006B2A65 /* Sources */ = {
			isa = PBXSourcesBuildPhase;
			buildActionMask = 2147483647;
			files = (
				88BDE87A2C2FC144006B2A65 /* PlayPodTests.swift in Sources */,
			);
			runOnlyForDeploymentPostprocessing = 0;
		};
		88BDE87B2C2FC144006B2A65 /* Sources */ = {
			isa = PBXSourcesBuildPhase;
			buildActionMask = 2147483647;
			files = (
				88BDE8862C2FC144006B2A65 /* PlayPodUITestsLaunchTests.swift in Sources */,
				88BDE8842C2FC144006B2A65 /* PlayPodUITests.swift in Sources */,
			);
			runOnlyForDeploymentPostprocessing = 0;
		};
/* End PBXSourcesBuildPhase section */

/* Begin PBXTargetDependency section */
		88BDE8772C2FC144006B2A65 /* PBXTargetDependency */ = {
			isa = PBXTargetDependency;
			target = 88BDE8622C2FC143006B2A65 /* PlayPod */;
			targetProxy = 88BDE8762C2FC144006B2A65 /* PBXContainerItemProxy */;
		};
		88BDE8812C2FC144006B2A65 /* PBXTargetDependency */ = {
			isa = PBXTargetDependency;
			target = 88BDE8622C2FC143006B2A65 /* PlayPod */;
			targetProxy = 88BDE8802C2FC144006B2A65 /* PBXContainerItemProxy */;
		};
/* End PBXTargetDependency section */

/* Begin XCBuildConfiguration section */
		88BDE8872C2FC144006B2A65 /* Debug */ = {
			isa = XCBuildConfiguration;
			buildSettings = {
				ALWAYS_SEARCH_USER_PATHS = NO;
				ASSETCATALOG_COMPILER_GENERATE_SWIFT_ASSET_SYMBOL_EXTENSIONS = YES;
				CLANG_ANALYZER_NONNULL = YES;
				CLANG_ANALYZER_NUMBER_OBJECT_CONVERSION = YES_AGGRESSIVE;
				CLANG_CXX_LANGUAGE_STANDARD = "gnu++20";
				CLANG_ENABLE_MODULES = YES;
				CLANG_ENABLE_OBJC_ARC = YES;
				CLANG_ENABLE_OBJC_WEAK = YES;
				CLANG_WARN_BLOCK_CAPTURE_AUTORELEASING = YES;
				CLANG_WARN_BOOL_CONVERSION = YES;
				CLANG_WARN_COMMA = YES;
				CLANG_WARN_CONSTANT_CONVERSION = YES;
				CLANG_WARN_DEPRECATED_OBJC_IMPLEMENTATIONS = YES;
				CLANG_WARN_DIRECT_OBJC_ISA_USAGE = YES_ERROR;
				CLANG_WARN_DOCUMENTATION_COMMENTS = YES;
				CLANG_WARN_EMPTY_BODY = YES;
				CLANG_WARN_ENUM_CONVERSION = YES;
				CLANG_WARN_INFINITE_RECURSION = YES;
				CLANG_WARN_INT_CONVERSION = YES;
				CLANG_WARN_NON_LITERAL_NULL_CONVERSION = YES;
				CLANG_WARN_OBJC_IMPLICIT_RETAIN_SELF = YES;
				CLANG_WARN_OBJC_LITERAL_CONVERSION = YES;
				CLANG_WARN_OBJC_ROOT_CLASS = YES_ERROR;
				CLANG_WARN_QUOTED_INCLUDE_IN_FRAMEWORK_HEADER = YES;
				CLANG_WARN_RANGE_LOOP_ANALYSIS = YES;
				CLANG_WARN_STRICT_PROTOTYPES = YES;
				CLANG_WARN_SUSPICIOUS_MOVE = YES;
				CLANG_WARN_UNGUARDED_AVAILABILITY = YES_AGGRESSIVE;
				CLANG_WARN_UNREACHABLE_CODE = YES;
				CLANG_WARN__DUPLICATE_METHOD_MATCH = YES;
				COPY_PHASE_STRIP = NO;
				DEBUG_INFORMATION_FORMAT = dwarf;
				ENABLE_STRICT_OBJC_MSGSEND = YES;
				ENABLE_TESTABILITY = YES;
				ENABLE_USER_SCRIPT_SANDBOXING = YES;
				GCC_C_LANGUAGE_STANDARD = gnu17;
				GCC_DYNAMIC_NO_PIC = NO;
				GCC_NO_COMMON_BLOCKS = YES;
				GCC_OPTIMIZATION_LEVEL = 0;
				GCC_PREPROCESSOR_DEFINITIONS = (
					"DEBUG=1",
					"$(inherited)",
				);
				GCC_WARN_64_TO_32_BIT_CONVERSION = YES;
				GCC_WARN_ABOUT_RETURN_TYPE = YES_ERROR;
				GCC_WARN_UNDECLARED_SELECTOR = YES;
				GCC_WARN_UNINITIALIZED_AUTOS = YES_AGGRESSIVE;
				GCC_WARN_UNUSED_FUNCTION = YES;
				GCC_WARN_UNUSED_VARIABLE = YES;
				IPHONEOS_DEPLOYMENT_TARGET = 18.0;
				LOCALIZATION_PREFERS_STRING_CATALOGS = YES;
				MTL_ENABLE_DEBUG_INFO = INCLUDE_SOURCE;
				MTL_FAST_MATH = YES;
				ONLY_ACTIVE_ARCH = YES;
				SDKROOT = iphoneos;
				SWIFT_ACTIVE_COMPILATION_CONDITIONS = "DEBUG $(inherited)";
				SWIFT_OPTIMIZATION_LEVEL = "-Onone";
			};
			name = Debug;
		};
		88BDE8882C2FC144006B2A65 /* Release */ = {
			isa = XCBuildConfiguration;
			buildSettings = {
				ALWAYS_SEARCH_USER_PATHS = NO;
				ASSETCATALOG_COMPILER_GENERATE_SWIFT_ASSET_SYMBOL_EXTENSIONS = YES;
				CLANG_ANALYZER_NONNULL = YES;
				CLANG_ANALYZER_NUMBER_OBJECT_CONVERSION = YES_AGGRESSIVE;
				CLANG_CXX_LANGUAGE_STANDARD = "gnu++20";
				CLANG_ENABLE_MODULES = YES;
				CLANG_ENABLE_OBJC_ARC = YES;
				CLANG_ENABLE_OBJC_WEAK = YES;
				CLANG_WARN_BLOCK_CAPTURE_AUTORELEASING = YES;
				CLANG_WARN_BOOL_CONVERSION = YES;
				CLANG_WARN_COMMA = YES;
				CLANG_WARN_CONSTANT_CONVERSION = YES;
				CLANG_WARN_DEPRECATED_OBJC_IMPLEMENTATIONS = YES;
				CLANG_WARN_DIRECT_OBJC_ISA_USAGE = YES_ERROR;
				CLANG_WARN_DOCUMENTATION_COMMENTS = YES;
				CLANG_WARN_EMPTY_BODY = YES;
				CLANG_WARN_ENUM_CONVERSION = YES;
				CLANG_WARN_INFINITE_RECURSION = YES;
				CLANG_WARN_INT_CONVERSION = YES;
				CLANG_WARN_NON_LITERAL_NULL_CONVERSION = YES;
				CLANG_WARN_OBJC_IMPLICIT_RETAIN_SELF = YES;
				CLANG_WARN_OBJC_LITERAL_CONVERSION = YES;
				CLANG_WARN_OBJC_ROOT_CLASS = YES_ERROR;
				CLANG_WARN_QUOTED_INCLUDE_IN_FRAMEWORK_HEADER = YES;
				CLANG_WARN_RANGE_LOOP_ANALYSIS = YES;
				CLANG_WARN_STRICT_PROTOTYPES = YES;
				CLANG_WARN_SUSPICIOUS_MOVE = YES;
				CLANG_WARN_UNGUARDED_AVAILABILITY = YES_AGGRESSIVE;
				CLANG_WARN_UNREACHABLE_CODE = YES;
				CLANG_WARN__DUPLICATE_METHOD_MATCH = YES;
				COPY_PHASE_STRIP = NO;
				DEBUG_INFORMATION_FORMAT = "dwarf-with-dsym";
				ENABLE_NS_ASSERTIONS = NO;
				ENABLE_STRICT_OBJC_MSGSEND = YES;
				ENABLE_USER_SCRIPT_SANDBOXING = YES;
				GCC_C_LANGUAGE_STANDARD = gnu17;
				GCC_NO_COMMON_BLOCKS = YES;
				GCC_WARN_64_TO_32_BIT_CONVERSION = YES;
				GCC_WARN_ABOUT_RETURN_TYPE = YES_ERROR;
				GCC_WARN_UNDECLARED_SELECTOR = YES;
				GCC_WARN_UNINITIALIZED_AUTOS = YES_AGGRESSIVE;
				GCC_WARN_UNUSED_FUNCTION = YES;
				GCC_WARN_UNUSED_VARIABLE = YES;
				IPHONEOS_DEPLOYMENT_TARGET = 18.0;
				LOCALIZATION_PREFERS_STRING_CATALOGS = YES;
				MTL_ENABLE_DEBUG_INFO = NO;
				MTL_FAST_MATH = YES;
				SDKROOT = iphoneos;
				SWIFT_COMPILATION_MODE = wholemodule;
				VALIDATE_PRODUCT = YES;
			};
			name = Release;
		};
		88BDE88A2C2FC144006B2A65 /* Debug */ = {
			isa = XCBuildConfiguration;
			buildSettings = {
				ASSETCATALOG_COMPILER_APPICON_NAME = AppIcon;
				ASSETCATALOG_COMPILER_GLOBAL_ACCENT_COLOR_NAME = AccentColor;
				CODE_SIGN_STYLE = Automatic;
				CURRENT_PROJECT_VERSION = 1;
				DEVELOPMENT_ASSET_PATHS = "\"PlayPod/Preview Content\"";
				DEVELOPMENT_TEAM = S7BTUCLAGX;
				ENABLE_PREVIEWS = YES;
				GENERATE_INFOPLIST_FILE = YES;
				INFOPLIST_KEY_UIApplicationSceneManifest_Generation = YES;
				INFOPLIST_KEY_UIApplicationSupportsIndirectInputEvents = YES;
				INFOPLIST_KEY_UILaunchScreen_Generation = YES;
				INFOPLIST_KEY_UISupportedInterfaceOrientations_iPad = "UIInterfaceOrientationPortrait UIInterfaceOrientationPortraitUpsideDown UIInterfaceOrientationLandscapeLeft UIInterfaceOrientationLandscapeRight";
				INFOPLIST_KEY_UISupportedInterfaceOrientations_iPhone = "UIInterfaceOrientationPortrait UIInterfaceOrientationLandscapeLeft UIInterfaceOrientationLandscapeRight";
				LD_RUNPATH_SEARCH_PATHS = (
					"$(inherited)",
					"@executable_path/Frameworks",
				);
				MARKETING_VERSION = 1.0;
				PRODUCT_BUNDLE_IDENTIFIER = com.private.PlayPod.PlayPod;
				PRODUCT_NAME = "$(TARGET_NAME)";
				SWIFT_EMIT_LOC_STRINGS = YES;
				SWIFT_VERSION = 5.0;
				TARGETED_DEVICE_FAMILY = "1,2";
			};
			name = Debug;
		};
		88BDE88B2C2FC144006B2A65 /* Release */ = {
			isa = XCBuildConfiguration;
			buildSettings = {
				ASSETCATALOG_COMPILER_APPICON_NAME = AppIcon;
				ASSETCATALOG_COMPILER_GLOBAL_ACCENT_COLOR_NAME = AccentColor;
				CODE_SIGN_STYLE = Automatic;
				CURRENT_PROJECT_VERSION = 1;
				DEVELOPMENT_ASSET_PATHS = "\"PlayPod/Preview Content\"";
				DEVELOPMENT_TEAM = S7BTUCLAGX;
				ENABLE_PREVIEWS = YES;
				GENERATE_INFOPLIST_FILE = YES;
				INFOPLIST_KEY_UIApplicationSceneManifest_Generation = YES;
				INFOPLIST_KEY_UIApplicationSupportsIndirectInputEvents = YES;
				INFOPLIST_KEY_UILaunchScreen_Generation = YES;
				INFOPLIST_KEY_UISupportedInterfaceOrientations_iPad = "UIInterfaceOrientationPortrait UIInterfaceOrientationPortraitUpsideDown UIInterfaceOrientationLandscapeLeft UIInterfaceOrientationLandscapeRight";
				INFOPLIST_KEY_UISupportedInterfaceOrientations_iPhone = "UIInterfaceOrientationPortrait UIInterfaceOrientationLandscapeLeft UIInterfaceOrientationLandscapeRight";
				LD_RUNPATH_SEARCH_PATHS = (
					"$(inherited)",
					"@executable_path/Frameworks",
				);
				MARKETING_VERSION = 1.0;
				PRODUCT_BUNDLE_IDENTIFIER = com.private.PlayPod.PlayPod;
				PRODUCT_NAME = "$(TARGET_NAME)";
				SWIFT_EMIT_LOC_STRINGS = YES;
				SWIFT_VERSION = 5.0;
				TARGETED_DEVICE_FAMILY = "1,2";
			};
			name = Release;
		};
		88BDE88D2C2FC144006B2A65 /* Debug */ = {
			isa = XCBuildConfiguration;
			buildSettings = {
				BUNDLE_LOADER = "$(TEST_HOST)";
				CODE_SIGN_STYLE = Automatic;
				CURRENT_PROJECT_VERSION = 1;
				DEVELOPMENT_TEAM = S7BTUCLAGX;
				GENERATE_INFOPLIST_FILE = YES;
				IPHONEOS_DEPLOYMENT_TARGET = 18.0;
				MARKETING_VERSION = 1.0;
				PRODUCT_BUNDLE_IDENTIFIER = com.private.PlayPod.PlayPodTests;
				PRODUCT_NAME = "$(TARGET_NAME)";
				SWIFT_EMIT_LOC_STRINGS = NO;
				SWIFT_VERSION = 5.0;
				TARGETED_DEVICE_FAMILY = "1,2";
				TEST_HOST = "$(BUILT_PRODUCTS_DIR)/PlayPod.app/$(BUNDLE_EXECUTABLE_FOLDER_PATH)/PlayPod";
			};
			name = Debug;
		};
		88BDE88E2C2FC144006B2A65 /* Release */ = {
			isa = XCBuildConfiguration;
			buildSettings = {
				BUNDLE_LOADER = "$(TEST_HOST)";
				CODE_SIGN_STYLE = Automatic;
				CURRENT_PROJECT_VERSION = 1;
				DEVELOPMENT_TEAM = S7BTUCLAGX;
				GENERATE_INFOPLIST_FILE = YES;
				IPHONEOS_DEPLOYMENT_TARGET = 18.0;
				MARKETING_VERSION = 1.0;
				PRODUCT_BUNDLE_IDENTIFIER = com.private.PlayPod.PlayPodTests;
				PRODUCT_NAME = "$(TARGET_NAME)";
				SWIFT_EMIT_LOC_STRINGS = NO;
				SWIFT_VERSION = 5.0;
				TARGETED_DEVICE_FAMILY = "1,2";
				TEST_HOST = "$(BUILT_PRODUCTS_DIR)/PlayPod.app/$(BUNDLE_EXECUTABLE_FOLDER_PATH)/PlayPod";
			};
			name = Release;
		};
		88BDE8902C2FC144006B2A65 /* Debug */ = {
			isa = XCBuildConfiguration;
			buildSettings = {
				CODE_SIGN_STYLE = Automatic;
				CURRENT_PROJECT_VERSION = 1;
				DEVELOPMENT_TEAM = S7BTUCLAGX;
				GENERATE_INFOPLIST_FILE = YES;
				MARKETING_VERSION = 1.0;
				PRODUCT_BUNDLE_IDENTIFIER = com.private.PlayPod.PlayPodUITests;
				PRODUCT_NAME = "$(TARGET_NAME)";
				SWIFT_EMIT_LOC_STRINGS = NO;
				SWIFT_VERSION = 5.0;
				TARGETED_DEVICE_FAMILY = "1,2";
				TEST_TARGET_NAME = PlayPod;
			};
			name = Debug;
		};
		88BDE8912C2FC144006B2A65 /* Release */ = {
			isa = XCBuildConfiguration;
			buildSettings = {
				CODE_SIGN_STYLE = Automatic;
				CURRENT_PROJECT_VERSION = 1;
				DEVELOPMENT_TEAM = S7BTUCLAGX;
				GENERATE_INFOPLIST_FILE = YES;
				MARKETING_VERSION = 1.0;
				PRODUCT_BUNDLE_IDENTIFIER = com.private.PlayPod.PlayPodUITests;
				PRODUCT_NAME = "$(TARGET_NAME)";
				SWIFT_EMIT_LOC_STRINGS = NO;
				SWIFT_VERSION = 5.0;
				TARGETED_DEVICE_FAMILY = "1,2";
				TEST_TARGET_NAME = PlayPod;
			};
			name = Release;
		};
/* End XCBuildConfiguration section */

/* Begin XCConfigurationList section */
		88BDE85E2C2FC143006B2A65 /* Build configuration list for PBXProject "PlayPod" */ = {
			isa = XCConfigurationList;
			buildConfigurations = (
				88BDE8872C2FC144006B2A65 /* Debug */,
				88BDE8882C2FC144006B2A65 /* Release */,
			);
			defaultConfigurationIsVisible = 0;
			defaultConfigurationName = Release;
		};
		88BDE8892C2FC144006B2A65 /* Build configuration list for PBXNativeTarget "PlayPod" */ = {
			isa = XCConfigurationList;
			buildConfigurations = (
				88BDE88A2C2FC144006B2A65 /* Debug */,
				88BDE88B2C2FC144006B2A65 /* Release */,
			);
			defaultConfigurationIsVisible = 0;
			defaultConfigurationName = Release;
		};
		88BDE88C2C2FC144006B2A65 /* Build configuration list for PBXNativeTarget "PlayPodTests" */ = {
			isa = XCConfigurationList;
			buildConfigurations = (
				88BDE88D2C2FC144006B2A65 /* Debug */,
				88BDE88E2C2FC144006B2A65 /* Release */,
			);
			defaultConfigurationIsVisible = 0;
			defaultConfigurationName = Release;
		};
		88BDE88F2C2FC144006B2A65 /* Build configuration list for PBXNativeTarget "PlayPodUITests" */ = {
			isa = XCConfigurationList;
			buildConfigurations = (
				88BDE8902C2FC144006B2A65 /* Debug */,
				88BDE8912C2FC144006B2A65 /* Release */,
			);
			defaultConfigurationIsVisible = 0;
			defaultConfigurationName = Release;
		};
/* End XCConfigurationList section */
	};
	rootObject = 88BDE85B2C2FC143006B2A65 /* Project object */;
}
